// !$*UTF8*$!
{
	archiveVersion = 1;
	classes = {
	};
	objectVersion = 46;
	objects = {

/* Begin PBXBuildFile section */
		09409D2F1EA7D35C0083C8D0 /* AppDelegate.swift in Sources */ = {isa = PBXBuildFile; fileRef = 09409D2E1EA7D35C0083C8D0 /* AppDelegate.swift */; };
		09409D341EA7D35C0083C8D0 /* Main.storyboard in Resources */ = {isa = PBXBuildFile; fileRef = 09409D321EA7D35C0083C8D0 /* Main.storyboard */; };
		09409D361EA7D35C0083C8D0 /* Assets.xcassets in Resources */ = {isa = PBXBuildFile; fileRef = 09409D351EA7D35C0083C8D0 /* Assets.xcassets */; };
		09409D391EA7D35C0083C8D0 /* LaunchScreen.storyboard in Resources */ = {isa = PBXBuildFile; fileRef = 09409D371EA7D35C0083C8D0 /* LaunchScreen.storyboard */; };
		09409D441EA7D35C0083C8D0 /* App_itunesTests.swift in Sources */ = {isa = PBXBuildFile; fileRef = 09409D431EA7D35C0083C8D0 /* App_itunesTests.swift */; };
		09409D4F1EA7D35C0083C8D0 /* App_itunesUITests.swift in Sources */ = {isa = PBXBuildFile; fileRef = 09409D4E1EA7D35C0083C8D0 /* App_itunesUITests.swift */; };
		09409D5D1EA7D42A0083C8D0 /* CoreDataStack.swift in Sources */ = {isa = PBXBuildFile; fileRef = 09409D5C1EA7D42A0083C8D0 /* CoreDataStack.swift */; };
		09409D601EA7D4BD0083C8D0 /* App_itunes.xcdatamodeld in Sources */ = {isa = PBXBuildFile; fileRef = 09409D5E1EA7D4BD0083C8D0 /* App_itunes.xcdatamodeld */; };
		09409D631EA7D71F0083C8D0 /* RemoteitunesMovieService.swift in Sources */ = {isa = PBXBuildFile; fileRef = 09409D621EA7D71F0083C8D0 /* RemoteitunesMovieService.swift */; };
		09409D651EA7D7950083C8D0 /* podfile in Resources */ = {isa = PBXBuildFile; fileRef = 09409D641EA7D7950083C8D0 /* podfile */; };
		09409D671EA7DA890083C8D0 /* APIUTILS.swift in Sources */ = {isa = PBXBuildFile; fileRef = 09409D661EA7DA890083C8D0 /* APIUTILS.swift */; };
		09409D6B1EA7DDF00083C8D0 /* Alamofire.framework in Frameworks */ = {isa = PBXBuildFile; fileRef = 09409D681EA7DDF00083C8D0 /* Alamofire.framework */; };
		09409D6C1EA7DDF00083C8D0 /* Kingfisher.framework in Frameworks */ = {isa = PBXBuildFile; fileRef = 09409D691EA7DDF00083C8D0 /* Kingfisher.framework */; };
		09409D6D1EA7DDF00083C8D0 /* SwiftyJSON.framework in Frameworks */ = {isa = PBXBuildFile; fileRef = 09409D6A1EA7DDF00083C8D0 /* SwiftyJSON.framework */; };
		09662E7B1EAE6F3F0063DC98 /* MovieModel.swift in Sources */ = {isa = PBXBuildFile; fileRef = 09662E7A1EAE6F3F0063DC98 /* MovieModel.swift */; };
		09662E7D1EAE70650063DC98 /* MovieManager+Mapping.swift in Sources */ = {isa = PBXBuildFile; fileRef = 09662E7C1EAE70650063DC98 /* MovieManager+Mapping.swift */; };
		09662E801EAE721D0063DC98 /* LocalCoreDataService.swift in Sources */ = {isa = PBXBuildFile; fileRef = 09662E7F1EAE721D0063DC98 /* LocalCoreDataService.swift */; };
		09662E821EAE85590063DC98 /* ListPeliculasViewController.swift in Sources */ = {isa = PBXBuildFile; fileRef = 09662E811EAE85590063DC98 /* ListPeliculasViewController.swift */; };
		09662E841EAE856B0063DC98 /* ListaFavoritosViewController.swift in Sources */ = {isa = PBXBuildFile; fileRef = 09662E831EAE856B0063DC98 /* ListaFavoritosViewController.swift */; };
		09662E861EAE857B0063DC98 /* DetallePeliculaViewController.swift in Sources */ = {isa = PBXBuildFile; fileRef = 09662E851EAE857B0063DC98 /* DetallePeliculaViewController.swift */; };
		09662E881EAE85970063DC98 /* PeliculaCustomCellCollectionViewCell.swift in Sources */ = {isa = PBXBuildFile; fileRef = 09662E871EAE85970063DC98 /* PeliculaCustomCellCollectionViewCell.swift */; };
		94D83CAEF018F44741D3701F /* Pods_App_itunes.framework in Frameworks */ = {isa = PBXBuildFile; fileRef = DEB81327D87E5F126BD15704 /* Pods_App_itunes.framework */; };
/* End PBXBuildFile section */

/* Begin PBXContainerItemProxy section */
		09409D401EA7D35C0083C8D0 /* PBXContainerItemProxy */ = {
			isa = PBXContainerItemProxy;
			containerPortal = 09409D231EA7D35C0083C8D0 /* Project object */;
			proxyType = 1;
			remoteGlobalIDString = 09409D2A1EA7D35C0083C8D0;
			remoteInfo = App_itunes;
		};
		09409D4B1EA7D35C0083C8D0 /* PBXContainerItemProxy */ = {
			isa = PBXContainerItemProxy;
			containerPortal = 09409D231EA7D35C0083C8D0 /* Project object */;
			proxyType = 1;
			remoteGlobalIDString = 09409D2A1EA7D35C0083C8D0;
			remoteInfo = App_itunes;
		};
/* End PBXContainerItemProxy section */

/* Begin PBXFileReference section */
		09409D2B1EA7D35C0083C8D0 /* App_itunes.app */ = {isa = PBXFileReference; explicitFileType = wrapper.application; includeInIndex = 0; path = App_itunes.app; sourceTree = BUILT_PRODUCTS_DIR; };
		09409D2E1EA7D35C0083C8D0 /* AppDelegate.swift */ = {isa = PBXFileReference; lastKnownFileType = sourcecode.swift; path = AppDelegate.swift; sourceTree = "<group>"; };
		09409D331EA7D35C0083C8D0 /* Base */ = {isa = PBXFileReference; lastKnownFileType = file.storyboard; name = Base; path = Base.lproj/Main.storyboard; sourceTree = "<group>"; };
		09409D351EA7D35C0083C8D0 /* Assets.xcassets */ = {isa = PBXFileReference; lastKnownFileType = folder.assetcatalog; path = Assets.xcassets; sourceTree = "<group>"; };
		09409D381EA7D35C0083C8D0 /* Base */ = {isa = PBXFileReference; lastKnownFileType = file.storyboard; name = Base; path = Base.lproj/LaunchScreen.storyboard; sourceTree = "<group>"; };
		09409D3A1EA7D35C0083C8D0 /* Info.plist */ = {isa = PBXFileReference; lastKnownFileType = text.plist.xml; path = Info.plist; sourceTree = "<group>"; };
		09409D3F1EA7D35C0083C8D0 /* App_itunesTests.xctest */ = {isa = PBXFileReference; explicitFileType = wrapper.cfbundle; includeInIndex = 0; path = App_itunesTests.xctest; sourceTree = BUILT_PRODUCTS_DIR; };
		09409D431EA7D35C0083C8D0 /* App_itunesTests.swift */ = {isa = PBXFileReference; lastKnownFileType = sourcecode.swift; path = App_itunesTests.swift; sourceTree = "<group>"; };
		09409D451EA7D35C0083C8D0 /* Info.plist */ = {isa = PBXFileReference; lastKnownFileType = text.plist.xml; path = Info.plist; sourceTree = "<group>"; };
		09409D4A1EA7D35C0083C8D0 /* App_itunesUITests.xctest */ = {isa = PBXFileReference; explicitFileType = wrapper.cfbundle; includeInIndex = 0; path = App_itunesUITests.xctest; sourceTree = BUILT_PRODUCTS_DIR; };
		09409D4E1EA7D35C0083C8D0 /* App_itunesUITests.swift */ = {isa = PBXFileReference; lastKnownFileType = sourcecode.swift; path = App_itunesUITests.swift; sourceTree = "<group>"; };
		09409D501EA7D35C0083C8D0 /* Info.plist */ = {isa = PBXFileReference; lastKnownFileType = text.plist.xml; path = Info.plist; sourceTree = "<group>"; };
		09409D5C1EA7D42A0083C8D0 /* CoreDataStack.swift */ = {isa = PBXFileReference; fileEncoding = 4; lastKnownFileType = sourcecode.swift; path = CoreDataStack.swift; sourceTree = "<group>"; };
		09409D5F1EA7D4BD0083C8D0 /* App_itunes.xcdatamodel */ = {isa = PBXFileReference; lastKnownFileType = wrapper.xcdatamodel; path = App_itunes.xcdatamodel; sourceTree = "<group>"; };
		09409D621EA7D71F0083C8D0 /* RemoteitunesMovieService.swift */ = {isa = PBXFileReference; fileEncoding = 4; lastKnownFileType = sourcecode.swift; path = RemoteitunesMovieService.swift; sourceTree = "<group>"; };
		09409D641EA7D7950083C8D0 /* podfile */ = {isa = PBXFileReference; fileEncoding = 4; lastKnownFileType = text; path = podfile; sourceTree = "<group>"; };
		09409D661EA7DA890083C8D0 /* APIUTILS.swift */ = {isa = PBXFileReference; fileEncoding = 4; lastKnownFileType = sourcecode.swift; path = APIUTILS.swift; sourceTree = "<group>"; };
		09409D681EA7DDF00083C8D0 /* Alamofire.framework */ = {isa = PBXFileReference; lastKnownFileType = wrapper.framework; name = Alamofire.framework; path = "../../../../../../Users/cice/Library/Developer/Xcode/DerivedData/App_itunes-aavvjoxqaruwgwhhgsghfmfgipap/Build/Products/Debug-iphonesimulator/Alamofire/Alamofire.framework"; sourceTree = "<group>"; };
		09409D691EA7DDF00083C8D0 /* Kingfisher.framework */ = {isa = PBXFileReference; lastKnownFileType = wrapper.framework; name = Kingfisher.framework; path = "../../../../../../Users/cice/Library/Developer/Xcode/DerivedData/App_itunes-aavvjoxqaruwgwhhgsghfmfgipap/Build/Products/Debug-iphonesimulator/Kingfisher/Kingfisher.framework"; sourceTree = "<group>"; };
		09409D6A1EA7DDF00083C8D0 /* SwiftyJSON.framework */ = {isa = PBXFileReference; lastKnownFileType = wrapper.framework; name = SwiftyJSON.framework; path = "../../../../../../Users/cice/Library/Developer/Xcode/DerivedData/App_itunes-aavvjoxqaruwgwhhgsghfmfgipap/Build/Products/Debug-iphonesimulator/SwiftyJSON/SwiftyJSON.framework"; sourceTree = "<group>"; };
		09662E7A1EAE6F3F0063DC98 /* MovieModel.swift */ = {isa = PBXFileReference; fileEncoding = 4; lastKnownFileType = sourcecode.swift; path = MovieModel.swift; sourceTree = "<group>"; };
		09662E7C1EAE70650063DC98 /* MovieManager+Mapping.swift */ = {isa = PBXFileReference; fileEncoding = 4; lastKnownFileType = sourcecode.swift; path = "MovieManager+Mapping.swift"; sourceTree = "<group>"; };
		09662E7F1EAE721D0063DC98 /* LocalCoreDataService.swift */ = {isa = PBXFileReference; fileEncoding = 4; lastKnownFileType = sourcecode.swift; path = LocalCoreDataService.swift; sourceTree = "<group>"; };
		09662E811EAE85590063DC98 /* ListPeliculasViewController.swift */ = {isa = PBXFileReference; fileEncoding = 4; lastKnownFileType = sourcecode.swift; path = ListPeliculasViewController.swift; sourceTree = "<group>"; };
		09662E831EAE856B0063DC98 /* ListaFavoritosViewController.swift */ = {isa = PBXFileReference; fileEncoding = 4; lastKnownFileType = sourcecode.swift; path = ListaFavoritosViewController.swift; sourceTree = "<group>"; };
		09662E851EAE857B0063DC98 /* DetallePeliculaViewController.swift */ = {isa = PBXFileReference; fileEncoding = 4; lastKnownFileType = sourcecode.swift; path = DetallePeliculaViewController.swift; sourceTree = "<group>"; };
		09662E871EAE85970063DC98 /* PeliculaCustomCellCollectionViewCell.swift */ = {isa = PBXFileReference; fileEncoding = 4; lastKnownFileType = sourcecode.swift; path = PeliculaCustomCellCollectionViewCell.swift; sourceTree = "<group>"; };
		12775552040C442599CCF254 /* Pods-App_itunes.debug.xcconfig */ = {isa = PBXFileReference; includeInIndex = 1; lastKnownFileType = text.xcconfig; name = "Pods-App_itunes.debug.xcconfig"; path = "Pods/Target Support Files/Pods-App_itunes/Pods-App_itunes.debug.xcconfig"; sourceTree = "<group>"; };
		DEB81327D87E5F126BD15704 /* Pods_App_itunes.framework */ = {isa = PBXFileReference; explicitFileType = wrapper.framework; includeInIndex = 0; path = Pods_App_itunes.framework; sourceTree = BUILT_PRODUCTS_DIR; };
		F1D656A3BF17213E17180A68 /* Pods-App_itunes.release.xcconfig */ = {isa = PBXFileReference; includeInIndex = 1; lastKnownFileType = text.xcconfig; name = "Pods-App_itunes.release.xcconfig"; path = "Pods/Target Support Files/Pods-App_itunes/Pods-App_itunes.release.xcconfig"; sourceTree = "<group>"; };
/* End PBXFileReference section */

/* Begin PBXFrameworksBuildPhase section */
		09409D281EA7D35C0083C8D0 /* Frameworks */ = {
			isa = PBXFrameworksBuildPhase;
			buildActionMask = 2147483647;
			files = (
				09409D6B1EA7DDF00083C8D0 /* Alamofire.framework in Frameworks */,
				09409D6C1EA7DDF00083C8D0 /* Kingfisher.framework in Frameworks */,
				09409D6D1EA7DDF00083C8D0 /* SwiftyJSON.framework in Frameworks */,
				94D83CAEF018F44741D3701F /* Pods_App_itunes.framework in Frameworks */,
			);
			runOnlyForDeploymentPostprocessing = 0;
		};
		09409D3C1EA7D35C0083C8D0 /* Frameworks */ = {
			isa = PBXFrameworksBuildPhase;
			buildActionMask = 2147483647;
			files = (
			);
			runOnlyForDeploymentPostprocessing = 0;
		};
		09409D471EA7D35C0083C8D0 /* Frameworks */ = {
			isa = PBXFrameworksBuildPhase;
			buildActionMask = 2147483647;
			files = (
			);
			runOnlyForDeploymentPostprocessing = 0;
		};
/* End PBXFrameworksBuildPhase section */

/* Begin PBXGroup section */
		09409D221EA7D35C0083C8D0 = {
			isa = PBXGroup;
			children = (
				09409D641EA7D7950083C8D0 /* podfile */,
				09409D2D1EA7D35C0083C8D0 /* App_itunes */,
				09409D421EA7D35C0083C8D0 /* App_itunesTests */,
				09409D4D1EA7D35C0083C8D0 /* App_itunesUITests */,
				09409D2C1EA7D35C0083C8D0 /* Products */,
				A65EAC71194FD341B3F6EBA5 /* Pods */,
				DFAFB709119E7CF29F3873A9 /* Frameworks */,
			);
			sourceTree = "<group>";
		};
		09409D2C1EA7D35C0083C8D0 /* Products */ = {
			isa = PBXGroup;
			children = (
				09409D2B1EA7D35C0083C8D0 /* App_itunes.app */,
				09409D3F1EA7D35C0083C8D0 /* App_itunesTests.xctest */,
				09409D4A1EA7D35C0083C8D0 /* App_itunesUITests.xctest */,
			);
			name = Products;
			sourceTree = "<group>";
		};
		09409D2D1EA7D35C0083C8D0 /* App_itunes */ = {
			isa = PBXGroup;
			children = (
				09662E7E1EAE71AE0063DC98 /* SERVICE */,
				09409D2E1EA7D35C0083C8D0 /* AppDelegate.swift */,
				09662E891EAE85A40063DC98 /* VIEWS_CONTROLLERS */,
				09662E8A1EAE85BE0063DC98 /* API */,
				09409D611EA7D4E80083C8D0 /* MODEL */,
				09409D321EA7D35C0083C8D0 /* Main.storyboard */,
				09409D351EA7D35C0083C8D0 /* Assets.xcassets */,
				09409D371EA7D35C0083C8D0 /* LaunchScreen.storyboard */,
				09409D3A1EA7D35C0083C8D0 /* Info.plist */,
			);
			path = App_itunes;
			sourceTree = "<group>";
		};
		09409D421EA7D35C0083C8D0 /* App_itunesTests */ = {
			isa = PBXGroup;
			children = (
				09409D431EA7D35C0083C8D0 /* App_itunesTests.swift */,
				09409D451EA7D35C0083C8D0 /* Info.plist */,
			);
			path = App_itunesTests;
			sourceTree = "<group>";
		};
		09409D4D1EA7D35C0083C8D0 /* App_itunesUITests */ = {
			isa = PBXGroup;
			children = (
				09409D4E1EA7D35C0083C8D0 /* App_itunesUITests.swift */,
				09409D501EA7D35C0083C8D0 /* Info.plist */,
			);
			path = App_itunesUITests;
			sourceTree = "<group>";
		};
		09409D611EA7D4E80083C8D0 /* MODEL */ = {
			isa = PBXGroup;
			children = (
				09409D5E1EA7D4BD0083C8D0 /* App_itunes.xcdatamodeld */,
				09662E7A1EAE6F3F0063DC98 /* MovieModel.swift */,
				09662E7C1EAE70650063DC98 /* MovieManager+Mapping.swift */,
			);
			name = MODEL;
			sourceTree = "<group>";
		};
		09662E7E1EAE71AE0063DC98 /* SERVICE */ = {
			isa = PBXGroup;
			children = (
				09409D621EA7D71F0083C8D0 /* RemoteitunesMovieService.swift */,
				09662E7F1EAE721D0063DC98 /* LocalCoreDataService.swift */,
				09409D5C1EA7D42A0083C8D0 /* CoreDataStack.swift */,
			);
			name = SERVICE;
			sourceTree = "<group>";
		};
		09662E891EAE85A40063DC98 /* VIEWS_CONTROLLERS */ = {
			isa = PBXGroup;
			children = (
				09662E811EAE85590063DC98 /* ListPeliculasViewController.swift */,
				09662E831EAE856B0063DC98 /* ListaFavoritosViewController.swift */,
				09662E851EAE857B0063DC98 /* DetallePeliculaViewController.swift */,
				09662E871EAE85970063DC98 /* PeliculaCustomCellCollectionViewCell.swift */,
			);
			name = VIEWS_CONTROLLERS;
			sourceTree = "<group>";
		};
		09662E8A1EAE85BE0063DC98 /* API */ = {
			isa = PBXGroup;
			children = (
				09409D661EA7DA890083C8D0 /* APIUTILS.swift */,
			);
			name = API;
			sourceTree = "<group>";
		};
		A65EAC71194FD341B3F6EBA5 /* Pods */ = {
			isa = PBXGroup;
			children = (
				12775552040C442599CCF254 /* Pods-App_itunes.debug.xcconfig */,
				F1D656A3BF17213E17180A68 /* Pods-App_itunes.release.xcconfig */,
			);
			name = Pods;
			sourceTree = "<group>";
		};
		DFAFB709119E7CF29F3873A9 /* Frameworks */ = {
			isa = PBXGroup;
			children = (
				09409D681EA7DDF00083C8D0 /* Alamofire.framework */,
				09409D691EA7DDF00083C8D0 /* Kingfisher.framework */,
				09409D6A1EA7DDF00083C8D0 /* SwiftyJSON.framework */,
				DEB81327D87E5F126BD15704 /* Pods_App_itunes.framework */,
			);
			name = Frameworks;
			sourceTree = "<group>";
		};
/* End PBXGroup section */

/* Begin PBXNativeTarget section */
		09409D2A1EA7D35C0083C8D0 /* App_itunes */ = {
			isa = PBXNativeTarget;
			buildConfigurationList = 09409D531EA7D35C0083C8D0 /* Build configuration list for PBXNativeTarget "App_itunes" */;
			buildPhases = (
				5106ABF0A92338BA0A1D69DD /* [CP] Check Pods Manifest.lock */,
				09409D271EA7D35C0083C8D0 /* Sources */,
				09409D281EA7D35C0083C8D0 /* Frameworks */,
				09409D291EA7D35C0083C8D0 /* Resources */,
				403A8298884E9C52248F9D3F /* [CP] Embed Pods Frameworks */,
				E3A418D5BC7A719A1DE3EBE4 /* [CP] Copy Pods Resources */,
			);
			buildRules = (
			);
			dependencies = (
			);
			name = App_itunes;
			productName = App_itunes;
			productReference = 09409D2B1EA7D35C0083C8D0 /* App_itunes.app */;
			productType = "com.apple.product-type.application";
		};
		09409D3E1EA7D35C0083C8D0 /* App_itunesTests */ = {
			isa = PBXNativeTarget;
			buildConfigurationList = 09409D561EA7D35C0083C8D0 /* Build configuration list for PBXNativeTarget "App_itunesTests" */;
			buildPhases = (
				09409D3B1EA7D35C0083C8D0 /* Sources */,
				09409D3C1EA7D35C0083C8D0 /* Frameworks */,
				09409D3D1EA7D35C0083C8D0 /* Resources */,
			);
			buildRules = (
			);
			dependencies = (
				09409D411EA7D35C0083C8D0 /* PBXTargetDependency */,
			);
			name = App_itunesTests;
			productName = App_itunesTests;
			productReference = 09409D3F1EA7D35C0083C8D0 /* App_itunesTests.xctest */;
			productType = "com.apple.product-type.bundle.unit-test";
		};
		09409D491EA7D35C0083C8D0 /* App_itunesUITests */ = {
			isa = PBXNativeTarget;
			buildConfigurationList = 09409D591EA7D35C0083C8D0 /* Build configuration list for PBXNativeTarget "App_itunesUITests" */;
			buildPhases = (
				09409D461EA7D35C0083C8D0 /* Sources */,
				09409D471EA7D35C0083C8D0 /* Frameworks */,
				09409D481EA7D35C0083C8D0 /* Resources */,
			);
			buildRules = (
			);
			dependencies = (
				09409D4C1EA7D35C0083C8D0 /* PBXTargetDependency */,
			);
			name = App_itunesUITests;
			productName = App_itunesUITests;
			productReference = 09409D4A1EA7D35C0083C8D0 /* App_itunesUITests.xctest */;
			productType = "com.apple.product-type.bundle.ui-testing";
		};
/* End PBXNativeTarget section */

/* Begin PBXProject section */
		09409D231EA7D35C0083C8D0 /* Project object */ = {
			isa = PBXProject;
			attributes = {
				LastSwiftUpdateCheck = 0820;
				LastUpgradeCheck = 0820;
				ORGANIZATIONNAME = cice;
				TargetAttributes = {
					09409D2A1EA7D35C0083C8D0 = {
						CreatedOnToolsVersion = 8.2.1;
						ProvisioningStyle = Automatic;
					};
					09409D3E1EA7D35C0083C8D0 = {
						CreatedOnToolsVersion = 8.2.1;
						ProvisioningStyle = Automatic;
						TestTargetID = 09409D2A1EA7D35C0083C8D0;
					};
					09409D491EA7D35C0083C8D0 = {
						CreatedOnToolsVersion = 8.2.1;
						ProvisioningStyle = Automatic;
						TestTargetID = 09409D2A1EA7D35C0083C8D0;
					};
				};
			};
			buildConfigurationList = 09409D261EA7D35C0083C8D0 /* Build configuration list for PBXProject "App_itunes" */;
			compatibilityVersion = "Xcode 3.2";
			developmentRegion = English;
			hasScannedForEncodings = 0;
			knownRegions = (
				en,
				Base,
			);
			mainGroup = 09409D221EA7D35C0083C8D0;
			productRefGroup = 09409D2C1EA7D35C0083C8D0 /* Products */;
			projectDirPath = "";
			projectRoot = "";
			targets = (
				09409D2A1EA7D35C0083C8D0 /* App_itunes */,
				09409D3E1EA7D35C0083C8D0 /* App_itunesTests */,
				09409D491EA7D35C0083C8D0 /* App_itunesUITests */,
			);
		};
/* End PBXProject section */

/* Begin PBXResourcesBuildPhase section */
		09409D291EA7D35C0083C8D0 /* Resources */ = {
			isa = PBXResourcesBuildPhase;
			buildActionMask = 2147483647;
			files = (
				09409D391EA7D35C0083C8D0 /* LaunchScreen.storyboard in Resources */,
				09409D361EA7D35C0083C8D0 /* Assets.xcassets in Resources */,
				09409D651EA7D7950083C8D0 /* podfile in Resources */,
				09409D341EA7D35C0083C8D0 /* Main.storyboard in Resources */,
			);
			runOnlyForDeploymentPostprocessing = 0;
		};
		09409D3D1EA7D35C0083C8D0 /* Resources */ = {
			isa = PBXResourcesBuildPhase;
			buildActionMask = 2147483647;
			files = (
			);
			runOnlyForDeploymentPostprocessing = 0;
		};
		09409D481EA7D35C0083C8D0 /* Resources */ = {
			isa = PBXResourcesBuildPhase;
			buildActionMask = 2147483647;
			files = (
			);
			runOnlyForDeploymentPostprocessing = 0;
		};
/* End PBXResourcesBuildPhase section */

/* Begin PBXShellScriptBuildPhase section */
		403A8298884E9C52248F9D3F /* [CP] Embed Pods Frameworks */ = {
			isa = PBXShellScriptBuildPhase;
			buildActionMask = 2147483647;
			files = (
			);
			inputPaths = (
			);
			name = "[CP] Embed Pods Frameworks";
			outputPaths = (
			);
			runOnlyForDeploymentPostprocessing = 0;
			shellPath = /bin/sh;
			shellScript = "\"${SRCROOT}/Pods/Target Support Files/Pods-App_itunes/Pods-App_itunes-frameworks.sh\"\n";
			showEnvVarsInLog = 0;
		};
		5106ABF0A92338BA0A1D69DD /* [CP] Check Pods Manifest.lock */ = {
			isa = PBXShellScriptBuildPhase;
			buildActionMask = 2147483647;
			files = (
			);
			inputPaths = (
			);
			name = "[CP] Check Pods Manifest.lock";
			outputPaths = (
			);
			runOnlyForDeploymentPostprocessing = 0;
			shellPath = /bin/sh;
			shellScript = "diff \"${PODS_PODFILE_DIR_PATH}/Podfile.lock\" \"${PODS_ROOT}/Manifest.lock\" > /dev/null\nif [ $? != 0 ] ; then\n    # print error to STDERR\n    echo \"error: The sandbox is not in sync with the Podfile.lock. Run 'pod install' or update your CocoaPods installation.\" >&2\n    exit 1\nfi\n";
			showEnvVarsInLog = 0;
		};
		E3A418D5BC7A719A1DE3EBE4 /* [CP] Copy Pods Resources */ = {
			isa = PBXShellScriptBuildPhase;
			buildActionMask = 2147483647;
			files = (
			);
			inputPaths = (
			);
			name = "[CP] Copy Pods Resources";
			outputPaths = (
			);
			runOnlyForDeploymentPostprocessing = 0;
			shellPath = /bin/sh;
			shellScript = "\"${SRCROOT}/Pods/Target Support Files/Pods-App_itunes/Pods-App_itunes-resources.sh\"\n";
			showEnvVarsInLog = 0;
		};
/* End PBXShellScriptBuildPhase section */

/* Begin PBXSourcesBuildPhase section */
		09409D271EA7D35C0083C8D0 /* Sources */ = {
			isa = PBXSourcesBuildPhase;
			buildActionMask = 2147483647;
			files = (
				09662E841EAE856B0063DC98 /* ListaFavoritosViewController.swift in Sources */,
				09662E7B1EAE6F3F0063DC98 /* MovieModel.swift in Sources */,
				09409D5D1EA7D42A0083C8D0 /* CoreDataStack.swift in Sources */,
				09409D631EA7D71F0083C8D0 /* RemoteitunesMovieService.swift in Sources */,
				09409D2F1EA7D35C0083C8D0 /* AppDelegate.swift in Sources */,
				09662E801EAE721D0063DC98 /* LocalCoreDataService.swift in Sources */,
				09662E881EAE85970063DC98 /* PeliculaCustomCellCollectionViewCell.swift in Sources */,
				09409D671EA7DA890083C8D0 /* APIUTILS.swift in Sources */,
				09662E861EAE857B0063DC98 /* DetallePeliculaViewController.swift in Sources */,
				09409D601EA7D4BD0083C8D0 /* App_itunes.xcdatamodeld in Sources */,
				09662E7D1EAE70650063DC98 /* MovieManager+Mapping.swift in Sources */,
				09662E821EAE85590063DC98 /* ListPeliculasViewController.swift in Sources */,
			);
			runOnlyForDeploymentPostprocessing = 0;
		};
		09409D3B1EA7D35C0083C8D0 /* Sources */ = {
			isa = PBXSourcesBuildPhase;
			buildActionMask = 2147483647;
			files = (
				09409D441EA7D35C0083C8D0 /* App_itunesTests.swift in Sources */,
			);
			runOnlyForDeploymentPostprocessing = 0;
		};
		09409D461EA7D35C0083C8D0 /* Sources */ = {
			isa = PBXSourcesBuildPhase;
			buildActionMask = 2147483647;
			files = (
				09409D4F1EA7D35C0083C8D0 /* App_itunesUITests.swift in Sources */,
			);
			runOnlyForDeploymentPostprocessing = 0;
		};
/* End PBXSourcesBuildPhase section */

/* Begin PBXTargetDependency section */
		09409D411EA7D35C0083C8D0 /* PBXTargetDependency */ = {
			isa = PBXTargetDependency;
			target = 09409D2A1EA7D35C0083C8D0 /* App_itunes */;
			targetProxy = 09409D401EA7D35C0083C8D0 /* PBXContainerItemProxy */;
		};
		09409D4C1EA7D35C0083C8D0 /* PBXTargetDependency */ = {
			isa = PBXTargetDependency;
			target = 09409D2A1EA7D35C0083C8D0 /* App_itunes */;
			targetProxy = 09409D4B1EA7D35C0083C8D0 /* PBXContainerItemProxy */;
		};
/* End PBXTargetDependency section */

/* Begin PBXVariantGroup section */
		09409D321EA7D35C0083C8D0 /* Main.storyboard */ = {
			isa = PBXVariantGroup;
			children = (
				09409D331EA7D35C0083C8D0 /* Base */,
			);
			name = Main.storyboard;
			sourceTree = "<group>";
		};
		09409D371EA7D35C0083C8D0 /* LaunchScreen.storyboard */ = {
			isa = PBXVariantGroup;
			children = (
				09409D381EA7D35C0083C8D0 /* Base */,
			);
			name = LaunchScreen.storyboard;
			sourceTree = "<group>";
		};
/* End PBXVariantGroup section */

/* Begin XCBuildConfiguration section */
		09409D511EA7D35C0083C8D0 /* Debug */ = {
			isa = XCBuildConfiguration;
			buildSettings = {
				ALWAYS_SEARCH_USER_PATHS = NO;
				CLANG_ANALYZER_NONNULL = YES;
				CLANG_CXX_LANGUAGE_STANDARD = "gnu++0x";
				CLANG_CXX_LIBRARY = "libc++";
				CLANG_ENABLE_MODULES = YES;
				CLANG_ENABLE_OBJC_ARC = YES;
				CLANG_WARN_BOOL_CONVERSION = YES;
				CLANG_WARN_CONSTANT_CONVERSION = YES;
				CLANG_WARN_DIRECT_OBJC_ISA_USAGE = YES_ERROR;
				CLANG_WARN_DOCUMENTATION_COMMENTS = YES;
				CLANG_WARN_EMPTY_BODY = YES;
				CLANG_WARN_ENUM_CONVERSION = YES;
				CLANG_WARN_INFINITE_RECURSION = YES;
				CLANG_WARN_INT_CONVERSION = YES;
				CLANG_WARN_OBJC_ROOT_CLASS = YES_ERROR;
				CLANG_WARN_SUSPICIOUS_MOVE = YES;
				CLANG_WARN_UNREACHABLE_CODE = YES;
				CLANG_WARN__DUPLICATE_METHOD_MATCH = YES;
				"CODE_SIGN_IDENTITY[sdk=iphoneos*]" = "iPhone Developer";
				COPY_PHASE_STRIP = NO;
				DEBUG_INFORMATION_FORMAT = dwarf;
				ENABLE_STRICT_OBJC_MSGSEND = YES;
				ENABLE_TESTABILITY = YES;
				GCC_C_LANGUAGE_STANDARD = gnu99;
				GCC_DYNAMIC_NO_PIC = NO;
				GCC_NO_COMMON_BLOCKS = YES;
				GCC_OPTIMIZATION_LEVEL = 0;
				GCC_PREPROCESSOR_DEFINITIONS = (
					"DEBUG=1",
					"$(inherited)",
				);
				GCC_WARN_64_TO_32_BIT_CONVERSION = YES;
				GCC_WARN_ABOUT_RETURN_TYPE = YES_ERROR;
				GCC_WARN_UNDECLARED_SELECTOR = YES;
				GCC_WARN_UNINITIALIZED_AUTOS = YES_AGGRESSIVE;
				GCC_WARN_UNUSED_FUNCTION = YES;
				GCC_WARN_UNUSED_VARIABLE = YES;
				IPHONEOS_DEPLOYMENT_TARGET = 10.2;
				MTL_ENABLE_DEBUG_INFO = YES;
				ONLY_ACTIVE_ARCH = YES;
				SDKROOT = iphoneos;
				SWIFT_ACTIVE_COMPILATION_CONDITIONS = DEBUG;
				SWIFT_OPTIMIZATION_LEVEL = "-Onone";
			};
			name = Debug;
		};
		09409D521EA7D35C0083C8D0 /* Release */ = {
			isa = XCBuildConfiguration;
			buildSettings = {
				ALWAYS_SEARCH_USER_PATHS = NO;
				CLANG_ANALYZER_NONNULL = YES;
				CLANG_CXX_LANGUAGE_STANDARD = "gnu++0x";
				CLANG_CXX_LIBRARY = "libc++";
				CLANG_ENABLE_MODULES = YES;
				CLANG_ENABLE_OBJC_ARC = YES;
				CLANG_WARN_BOOL_CONVERSION = YES;
				CLANG_WARN_CONSTANT_CONVERSION = YES;
				CLANG_WARN_DIRECT_OBJC_ISA_USAGE = YES_ERROR;
				CLANG_WARN_DOCUMENTATION_COMMENTS = YES;
				CLANG_WARN_EMPTY_BODY = YES;
				CLANG_WARN_ENUM_CONVERSION = YES;
				CLANG_WARN_INFINITE_RECURSION = YES;
				CLANG_WARN_INT_CONVERSION = YES;
				CLANG_WARN_OBJC_ROOT_CLASS = YES_ERROR;
				CLANG_WARN_SUSPICIOUS_MOVE = YES;
				CLANG_WARN_UNREACHABLE_CODE = YES;
				CLANG_WARN__DUPLICATE_METHOD_MATCH = YES;
				"CODE_SIGN_IDENTITY[sdk=iphoneos*]" = "iPhone Developer";
				COPY_PHASE_STRIP = NO;
				DEBUG_INFORMATION_FORMAT = "dwarf-with-dsym";
				ENABLE_NS_ASSERTIONS = NO;
				ENABLE_STRICT_OBJC_MSGSEND = YES;
				GCC_C_LANGUAGE_STANDARD = gnu99;
				GCC_NO_COMMON_BLOCKS = YES;
				GCC_WARN_64_TO_32_BIT_CONVERSION = YES;
				GCC_WARN_ABOUT_RETURN_TYPE = YES_ERROR;
				GCC_WARN_UNDECLARED_SELECTOR = YES;
				GCC_WARN_UNINITIALIZED_AUTOS = YES_AGGRESSIVE;
				GCC_WARN_UNUSED_FUNCTION = YES;
				GCC_WARN_UNUSED_VARIABLE = YES;
				IPHONEOS_DEPLOYMENT_TARGET = 10.2;
				MTL_ENABLE_DEBUG_INFO = NO;
				SDKROOT = iphoneos;
				SWIFT_OPTIMIZATION_LEVEL = "-Owholemodule";
				VALIDATE_PRODUCT = YES;
			};
			name = Release;
		};
		09409D541EA7D35C0083C8D0 /* Debug */ = {
			isa = XCBuildConfiguration;
			baseConfigurationReference = 12775552040C442599CCF254 /* Pods-App_itunes.debug.xcconfig */;
			buildSettings = {
				ASSETCATALOG_COMPILER_APPICON_NAME = AppIcon;
				INFOPLIST_FILE = App_itunes/Info.plist;
				LD_RUNPATH_SEARCH_PATHS = "$(inherited) @executable_path/Frameworks";
				PRODUCT_BUNDLE_IDENTIFIER = "cice.App-itunes";
				PRODUCT_NAME = "$(TARGET_NAME)";
				SWIFT_VERSION = 3.0;
			};
			name = Debug;
		};
		09409D551EA7D35C0083C8D0 /* Release */ = {
			isa = XCBuildConfiguration;
			baseConfigurationReference = F1D656A3BF17213E17180A68 /* Pods-App_itunes.release.xcconfig */;
			buildSettings = {
				ASSETCATALOG_COMPILER_APPICON_NAME = AppIcon;
				INFOPLIST_FILE = App_itunes/Info.plist;
				LD_RUNPATH_SEARCH_PATHS = "$(inherited) @executable_path/Frameworks";
				PRODUCT_BUNDLE_IDENTIFIER = "cice.App-itunes";
				PRODUCT_NAME = "$(TARGET_NAME)";
				SWIFT_VERSION = 3.0;
			};
			name = Release;
		};
		09409D571EA7D35C0083C8D0 /* Debug */ = {
			isa = XCBuildConfiguration;
			buildSettings = {
				ALWAYS_EMBED_SWIFT_STANDARD_LIBRARIES = YES;
				BUNDLE_LOADER = "$(TEST_HOST)";
				INFOPLIST_FILE = App_itunesTests/Info.plist;
				LD_RUNPATH_SEARCH_PATHS = "$(inherited) @executable_path/Frameworks @loader_path/Frameworks";
				PRODUCT_BUNDLE_IDENTIFIER = "cice.App-itunesTests";
				PRODUCT_NAME = "$(TARGET_NAME)";
				SWIFT_VERSION = 3.0;
				TEST_HOST = "$(BUILT_PRODUCTS_DIR)/App_itunes.app/App_itunes";
			};
			name = Debug;
		};
		09409D581EA7D35C0083C8D0 /* Release */ = {
			isa = XCBuildConfiguration;
			buildSettings = {
				ALWAYS_EMBED_SWIFT_STANDARD_LIBRARIES = YES;
				BUNDLE_LOADER = "$(TEST_HOST)";
				INFOPLIST_FILE = App_itunesTests/Info.plist;
				LD_RUNPATH_SEARCH_PATHS = "$(inherited) @executable_path/Frameworks @loader_path/Frameworks";
				PRODUCT_BUNDLE_IDENTIFIER = "cice.App-itunesTests";
				PRODUCT_NAME = "$(TARGET_NAME)";
				SWIFT_VERSION = 3.0;
				TEST_HOST = "$(BUILT_PRODUCTS_DIR)/App_itunes.app/App_itunes";
			};
			name = Release;
		};
		09409D5A1EA7D35C0083C8D0 /* Debug */ = {
			isa = XCBuildConfiguration;
			buildSettings = {
				ALWAYS_EMBED_SWIFT_STANDARD_LIBRARIES = YES;
				INFOPLIST_FILE = App_itunesUITests/Info.plist;
				LD_RUNPATH_SEARCH_PATHS = "$(inherited) @executable_path/Frameworks @loader_path/Frameworks";
				PRODUCT_BUNDLE_IDENTIFIER = "cice.App-itunesUITests";
				PRODUCT_NAME = "$(TARGET_NAME)";
				SWIFT_VERSION = 3.0;
				TEST_TARGET_NAME = App_itunes;
			};
			name = Debug;
		};
		09409D5B1EA7D35C0083C8D0 /* Release */ = {
			isa = XCBuildConfiguration;
			buildSettings = {
				ALWAYS_EMBED_SWIFT_STANDARD_LIBRARIES = YES;
				INFOPLIST_FILE = App_itunesUITests/Info.plist;
				LD_RUNPATH_SEARCH_PATHS = "$(inherited) @executable_path/Frameworks @loader_path/Frameworks";
				PRODUCT_BUNDLE_IDENTIFIER = "cice.App-itunesUITests";
				PRODUCT_NAME = "$(TARGET_NAME)";
				SWIFT_VERSION = 3.0;
				TEST_TARGET_NAME = App_itunes;
			};
			name = Release;
		};
/* End XCBuildConfiguration section */

/* Begin XCConfigurationList section */
		09409D261EA7D35C0083C8D0 /* Build configuration list for PBXProject "App_itunes" */ = {
			isa = XCConfigurationList;
			buildConfigurations = (
				09409D511EA7D35C0083C8D0 /* Debug */,
				09409D521EA7D35C0083C8D0 /* Release */,
			);
			defaultConfigurationIsVisible = 0;
			defaultConfigurationName = Release;
		};
		09409D531EA7D35C0083C8D0 /* Build configuration list for PBXNativeTarget "App_itunes" */ = {
			isa = XCConfigurationList;
			buildConfigurations = (
				09409D541EA7D35C0083C8D0 /* Debug */,
				09409D551EA7D35C0083C8D0 /* Release */,
			);
			defaultConfigurationIsVisible = 0;
			defaultConfigurationName = Release;
		};
		09409D561EA7D35C0083C8D0 /* Build configuration list for PBXNativeTarget "App_itunesTests" */ = {
			isa = XCConfigurationList;
			buildConfigurations = (
				09409D571EA7D35C0083C8D0 /* Debug */,
				09409D581EA7D35C0083C8D0 /* Release */,
			);
			defaultConfigurationIsVisible = 0;
			defaultConfigurationName = Release;
		};
		09409D591EA7D35C0083C8D0 /* Build configuration list for PBXNativeTarget "App_itunesUITests" */ = {
			isa = XCConfigurationList;
			buildConfigurations = (
				09409D5A1EA7D35C0083C8D0 /* Debug */,
				09409D5B1EA7D35C0083C8D0 /* Release */,
			);
			defaultConfigurationIsVisible = 0;
			defaultConfigurationName = Release;
		};
/* End XCConfigurationList section */

/* Begin XCVersionGroup section */
		09409D5E1EA7D4BD0083C8D0 /* App_itunes.xcdatamodeld */ = {
			isa = XCVersionGroup;
			children = (
				09409D5F1EA7D4BD0083C8D0 /* App_itunes.xcdatamodel */,
			);
			currentVersion = 09409D5F1EA7D4BD0083C8D0 /* App_itunes.xcdatamodel */;
			path = App_itunes.xcdatamodeld;
			sourceTree = "<group>";
			versionGroupType = wrapper.xcdatamodel;
		};
/* End XCVersionGroup section */
	};
	rootObject = 09409D231EA7D35C0083C8D0 /* Project object */;
}
